
Microsoft Visual Studio Solution File, Format Version 12.00
Project("{FAE04EC0-301F-11D3-BF4B-00C04F79EFBC}") = "UEFNSupportTool", "UEFNSupportTool\UEFNSupportTool.csproj", "{FC119974-7C59-448E-95B3-0EA6D8B5CF57}"
EndProject
Global
	GlobalSection(SolutionConfigurationPlatforms) = preSolution
		Debug|Any CPU = Debug|Any CPU
		Release|Any CPU = Release|Any CPU
	EndGlobalSection
	GlobalSection(ProjectConfigurationPlatforms) = postSolution
		{FC119974-7C59-448E-95B3-0EA6D8B5CF57}.Debug|Any CPU.ActiveCfg = Debug|Any CPU
		{FC119974-7C59-448E-95B3-0EA6D8B5CF57}.Debug|Any CPU.Build.0 = Debug|Any CPU
		{FC119974-7C59-448E-95B3-0EA6D8B5CF57}.Release|Any CPU.ActiveCfg = Release|Any CPU
		{FC119974-7C59-448E-95B3-0EA6D8B5CF57}.Release|Any CPU.Build.0 = Release|Any CPU
	EndGlobalSection
EndGlobal
